
Microsoft Visual Studio Solution File, Format Version 12.00
# Visual Studio 15
VisualStudioVersion = 15.0.26730.16
MinimumVisualStudioVersion = 10.0.40219.1
Project("{9A19103F-16F7-4668-BE54-9A1E7A4F7556}") = "Camaleao.Api", "Camaleao.Api\Camaleao.Api.csproj", "{8AC46F93-5BA7-4C8B-B69F-78F70B8BEC30}"
EndProject
Project("{9A19103F-16F7-4668-BE54-9A1E7A4F7556}") = "Camaleao.Repository", "Camaleao.Repository\Camaleao.Repository.csproj", "{B444E73D-514E-41A2-9414-8F246B7C089C}"
EndProject
Project("{9A19103F-16F7-4668-BE54-9A1E7A4F7556}") = "Camaleao.Core", "Camaleao.Core\Camaleao.Core.csproj", "{08339ADE-468B-4FBE-B0F5-5CF969012680}"
EndProject
Global
	GlobalSection(SolutionConfigurationPlatforms) = preSolution
		Debug|Any CPU = Debug|Any CPU
		Release|Any CPU = Release|Any CPU
	EndGlobalSection
	GlobalSection(ProjectConfigurationPlatforms) = postSolution
		{8AC46F93-5BA7-4C8B-B69F-78F70B8BEC30}.Debug|Any CPU.ActiveCfg = Debug|Any CPU
		{8AC46F93-5BA7-4C8B-B69F-78F70B8BEC30}.Debug|Any CPU.Build.0 = Debug|Any CPU
		{8AC46F93-5BA7-4C8B-B69F-78F70B8BEC30}.Release|Any CPU.ActiveCfg = Release|Any CPU
		{8AC46F93-5BA7-4C8B-B69F-78F70B8BEC30}.Release|Any CPU.Build.0 = Release|Any CPU
		{B444E73D-514E-41A2-9414-8F246B7C089C}.Debug|Any CPU.ActiveCfg = Debug|Any CPU
		{B444E73D-514E-41A2-9414-8F246B7C089C}.Debug|Any CPU.Build.0 = Debug|Any CPU
		{B444E73D-514E-41A2-9414-8F246B7C089C}.Release|Any CPU.ActiveCfg = Release|Any CPU
		{B444E73D-514E-41A2-9414-8F246B7C089C}.Release|Any CPU.Build.0 = Release|Any CPU
		{08339ADE-468B-4FBE-B0F5-5CF969012680}.Debug|Any CPU.ActiveCfg = Debug|Any CPU
		{08339ADE-468B-4FBE-B0F5-5CF969012680}.Debug|Any CPU.Build.0 = Debug|Any CPU
		{08339ADE-468B-4FBE-B0F5-5CF969012680}.Release|Any CPU.ActiveCfg = Release|Any CPU
		{08339ADE-468B-4FBE-B0F5-5CF969012680}.Release|Any CPU.Build.0 = Release|Any CPU
	EndGlobalSection
	GlobalSection(SolutionProperties) = preSolution
		HideSolutionNode = FALSE
	EndGlobalSection
	GlobalSection(ExtensibilityGlobals) = postSolution
		SolutionGuid = {1D715F6D-3666-4EBA-82FE-85624CB0B432}
	EndGlobalSection
EndGlobal
