
Microsoft Visual Studio Solution File, Format Version 12.00
# Visual Studio 15
VisualStudioVersion = 15.0.27130.2036
MinimumVisualStudioVersion = 10.0.40219.1
Project("{9A19103F-16F7-4668-BE54-9A1E7A4F7556}") = "Camaleao.Api", "Camaleao.Api\Camaleao.Api.csproj", "{8AC46F93-5BA7-4C8B-B69F-78F70B8BEC30}"
EndProject
Project("{9A19103F-16F7-4668-BE54-9A1E7A4F7556}") = "Camaleao.Repository", "Camaleao.Repository\Camaleao.Repository.csproj", "{B444E73D-514E-41A2-9414-8F246B7C089C}"
EndProject
Project("{9A19103F-16F7-4668-BE54-9A1E7A4F7556}") = "Camaleao.Core", "Camaleao.Core\Camaleao.Core.csproj", "{08339ADE-468B-4FBE-B0F5-5CF969012680}"
EndProject
Project("{9A19103F-16F7-4668-BE54-9A1E7A4F7556}") = "Camaleao.Core.Test", "Camaleao.Core.Test\Camaleao.Core.Test.csproj", "{557019CA-2435-4A4D-BAF5-DA54CF774538}"
EndProject
Project("{9A19103F-16F7-4668-BE54-9A1E7A4F7556}") = "Camaleao.Application", "Camaleao.Application\Camaleao.Application.csproj", "{F987E29B-5DC2-4570-9E8F-C238B952F420}"
EndProject
Project("{9A19103F-16F7-4668-BE54-9A1E7A4F7556}") = "Camaleao.Application.Test", "Camaleao.Application.Test\Camaleao.Application.Test.csproj", "{FF7814DD-CBF9-4DDD-A6C9-D2FD87A7317D}"
EndProject
Project("{9A19103F-16F7-4668-BE54-9A1E7A4F7556}") = "Camaleao.Infra.Adaper", "Camaleao.Infra.Adaper\Camaleao.Infra.Adaper.csproj", "{EE131B4C-9659-45A7-AF96-FE49F8285924}"
EndProject
Global
	GlobalSection(SolutionConfigurationPlatforms) = preSolution
		Debug|Any CPU = Debug|Any CPU
		Release|Any CPU = Release|Any CPU
	EndGlobalSection
	GlobalSection(ProjectConfigurationPlatforms) = postSolution
		{8AC46F93-5BA7-4C8B-B69F-78F70B8BEC30}.Debug|Any CPU.ActiveCfg = Debug|Any CPU
		{8AC46F93-5BA7-4C8B-B69F-78F70B8BEC30}.Debug|Any CPU.Build.0 = Debug|Any CPU
		{8AC46F93-5BA7-4C8B-B69F-78F70B8BEC30}.Release|Any CPU.ActiveCfg = Release|Any CPU
		{8AC46F93-5BA7-4C8B-B69F-78F70B8BEC30}.Release|Any CPU.Build.0 = Release|Any CPU
		{B444E73D-514E-41A2-9414-8F246B7C089C}.Debug|Any CPU.ActiveCfg = Debug|Any CPU
		{B444E73D-514E-41A2-9414-8F246B7C089C}.Debug|Any CPU.Build.0 = Debug|Any CPU
		{B444E73D-514E-41A2-9414-8F246B7C089C}.Release|Any CPU.ActiveCfg = Release|Any CPU
		{B444E73D-514E-41A2-9414-8F246B7C089C}.Release|Any CPU.Build.0 = Release|Any CPU
		{08339ADE-468B-4FBE-B0F5-5CF969012680}.Debug|Any CPU.ActiveCfg = Debug|Any CPU
		{08339ADE-468B-4FBE-B0F5-5CF969012680}.Debug|Any CPU.Build.0 = Debug|Any CPU
		{08339ADE-468B-4FBE-B0F5-5CF969012680}.Release|Any CPU.ActiveCfg = Release|Any CPU
		{08339ADE-468B-4FBE-B0F5-5CF969012680}.Release|Any CPU.Build.0 = Release|Any CPU
		{557019CA-2435-4A4D-BAF5-DA54CF774538}.Debug|Any CPU.ActiveCfg = Debug|Any CPU
		{557019CA-2435-4A4D-BAF5-DA54CF774538}.Debug|Any CPU.Build.0 = Debug|Any CPU
		{557019CA-2435-4A4D-BAF5-DA54CF774538}.Release|Any CPU.ActiveCfg = Release|Any CPU
		{557019CA-2435-4A4D-BAF5-DA54CF774538}.Release|Any CPU.Build.0 = Release|Any CPU
		{F987E29B-5DC2-4570-9E8F-C238B952F420}.Debug|Any CPU.ActiveCfg = Debug|Any CPU
		{F987E29B-5DC2-4570-9E8F-C238B952F420}.Debug|Any CPU.Build.0 = Debug|Any CPU
		{F987E29B-5DC2-4570-9E8F-C238B952F420}.Release|Any CPU.ActiveCfg = Release|Any CPU
		{F987E29B-5DC2-4570-9E8F-C238B952F420}.Release|Any CPU.Build.0 = Release|Any CPU
		{FF7814DD-CBF9-4DDD-A6C9-D2FD87A7317D}.Debug|Any CPU.ActiveCfg = Debug|Any CPU
		{FF7814DD-CBF9-4DDD-A6C9-D2FD87A7317D}.Debug|Any CPU.Build.0 = Debug|Any CPU
		{FF7814DD-CBF9-4DDD-A6C9-D2FD87A7317D}.Release|Any CPU.ActiveCfg = Release|Any CPU
		{FF7814DD-CBF9-4DDD-A6C9-D2FD87A7317D}.Release|Any CPU.Build.0 = Release|Any CPU
		{EE131B4C-9659-45A7-AF96-FE49F8285924}.Debug|Any CPU.ActiveCfg = Debug|Any CPU
		{EE131B4C-9659-45A7-AF96-FE49F8285924}.Debug|Any CPU.Build.0 = Debug|Any CPU
		{EE131B4C-9659-45A7-AF96-FE49F8285924}.Release|Any CPU.ActiveCfg = Release|Any CPU
		{EE131B4C-9659-45A7-AF96-FE49F8285924}.Release|Any CPU.Build.0 = Release|Any CPU
	EndGlobalSection
	GlobalSection(SolutionProperties) = preSolution
		HideSolutionNode = FALSE
	EndGlobalSection
	GlobalSection(ExtensibilityGlobals) = postSolution
		SolutionGuid = {1D715F6D-3666-4EBA-82FE-85624CB0B432}
	EndGlobalSection
EndGlobal
